// !$*UTF8*$!
{
	archiveVersion = 1;
	classes = {
	};
	objectVersion = 50;
	objects = {

/* Begin PBXBuildFile section */
		420C645723775A39001997D8 /* MaterialsListViewController.swift in Sources */ = {isa = PBXBuildFile; fileRef = 420C645623775A39001997D8 /* MaterialsListViewController.swift */; };
		420D918623A5699000D7FA17 /* WorksheetPage.xib in Resources */ = {isa = PBXBuildFile; fileRef = 420D918523A5699000D7FA17 /* WorksheetPage.xib */; };
		4211CA4D23676E73008D57C3 /* QuoteCell.swift in Sources */ = {isa = PBXBuildFile; fileRef = 4211CA4C23676E73008D57C3 /* QuoteCell.swift */; };
		4211CA4F2367B5AC008D57C3 /* DateToString.swift in Sources */ = {isa = PBXBuildFile; fileRef = 4211CA4E2367B5AC008D57C3 /* DateToString.swift */; };
		4211CA522368E3EA008D57C3 /* TaskCell.swift in Sources */ = {isa = PBXBuildFile; fileRef = 4211CA512368E3EA008D57C3 /* TaskCell.swift */; };
		4211CA54236A0C78008D57C3 /* Notification+Names.swift in Sources */ = {isa = PBXBuildFile; fileRef = 4211CA53236A0C78008D57C3 /* Notification+Names.swift */; };
		4211CA56236A2278008D57C3 /* EditTaskViewController.swift in Sources */ = {isa = PBXBuildFile; fileRef = 4211CA55236A2278008D57C3 /* EditTaskViewController.swift */; };
		421E2A0225338BBC006B156A /* PDFPage1View.swift in Sources */ = {isa = PBXBuildFile; fileRef = 421E2A0125338BBC006B156A /* PDFPage1View.swift */; };
		422A6990236F546300CE1433 /* ResizeImage.swift in Sources */ = {isa = PBXBuildFile; fileRef = 422A698F236F546300CE1433 /* ResizeImage.swift */; };
		422E39FF23785C21004F42E7 /* WorkSheetViewController.swift in Sources */ = {isa = PBXBuildFile; fileRef = 422E39FE23785C21004F42E7 /* WorkSheetViewController.swift */; };
		422E3A0123785C32004F42E7 /* WorkOrderViewController.swift in Sources */ = {isa = PBXBuildFile; fileRef = 422E3A0023785C32004F42E7 /* WorkOrderViewController.swift */; };
		4239714A23A359C400E82BB6 /* PrepareWorkOrderPDF.swift in Sources */ = {isa = PBXBuildFile; fileRef = 4239714923A359C400E82BB6 /* PrepareWorkOrderPDF.swift */; };
		4239714C23A35AEF00E82BB6 /* WorkOrderPage1.xib in Resources */ = {isa = PBXBuildFile; fileRef = 4239714B23A35AEF00E82BB6 /* WorkOrderPage1.xib */; };
		4239714E23A35B7700E82BB6 /* WorkOrderPage1.swift in Sources */ = {isa = PBXBuildFile; fileRef = 4239714D23A35B7700E82BB6 /* WorkOrderPage1.swift */; };
		423B0E1F2364A30E00CEB2F7 /* EditCustomerViewController.swift in Sources */ = {isa = PBXBuildFile; fileRef = 423B0E1E2364A30E00CEB2F7 /* EditCustomerViewController.swift */; };
		423B0E2123660A0100CEB2F7 /* NewTaskViewController.swift in Sources */ = {isa = PBXBuildFile; fileRef = 423B0E2023660A0100CEB2F7 /* NewTaskViewController.swift */; };
		424DD09D2370B96800EFE029 /* ImageButton.swift in Sources */ = {isa = PBXBuildFile; fileRef = 424DD09C2370B96800EFE029 /* ImageButton.swift */; };
		426239B9239ECC9C004D58E0 /* LoginViewController.swift in Sources */ = {isa = PBXBuildFile; fileRef = 426239B8239ECC9C004D58E0 /* LoginViewController.swift */; };
		426239BB239F2895004D58E0 /* EmployeeViewController.swift in Sources */ = {isa = PBXBuildFile; fileRef = 426239BA239F2895004D58E0 /* EmployeeViewController.swift */; };
		426239BD239FAABA004D58E0 /* CancelButton.swift in Sources */ = {isa = PBXBuildFile; fileRef = 426239BC239FAABA004D58E0 /* CancelButton.swift */; };
		426239BF23A0A131004D58E0 /* DesignView.swift in Sources */ = {isa = PBXBuildFile; fileRef = 426239BE23A0A131004D58E0 /* DesignView.swift */; };
		4264094E23A403E100F26C88 /* UIView+PDF.swift in Sources */ = {isa = PBXBuildFile; fileRef = 4264094D23A403E100F26C88 /* UIView+PDF.swift */; };
		4264095223A5625300F26C88 /* WorksheetPage.swift in Sources */ = {isa = PBXBuildFile; fileRef = 4264095123A5625300F26C88 /* WorksheetPage.swift */; };
		426512C223DFCB4C000C498E /* TaskView.swift in Sources */ = {isa = PBXBuildFile; fileRef = 426512C123DFCB4C000C498E /* TaskView.swift */; };
		426512C423DFCB66000C498E /* TaskView.xib in Resources */ = {isa = PBXBuildFile; fileRef = 426512C323DFCB66000C498E /* TaskView.xib */; };
		4266356323888E730038EA4B /* ImageViewController.swift in Sources */ = {isa = PBXBuildFile; fileRef = 4266356223888E730038EA4B /* ImageViewController.swift */; };
		42663567238A04CC0038EA4B /* ImageCollectionViewCell.swift in Sources */ = {isa = PBXBuildFile; fileRef = 42663566238A04CC0038EA4B /* ImageCollectionViewCell.swift */; };
		42680CA323A6A103009FDDA2 /* TaskSheet.swift in Sources */ = {isa = PBXBuildFile; fileRef = 42680CA123A6A103009FDDA2 /* TaskSheet.swift */; };
		42680CA423A6A103009FDDA2 /* TaskSheet.xib in Resources */ = {isa = PBXBuildFile; fileRef = 42680CA223A6A103009FDDA2 /* TaskSheet.xib */; };
		42688B7823553C6A00AE825A /* AppDelegate.swift in Sources */ = {isa = PBXBuildFile; fileRef = 42688B7723553C6A00AE825A /* AppDelegate.swift */; };
		42688B7A23553C6A00AE825A /* SceneDelegate.swift in Sources */ = {isa = PBXBuildFile; fileRef = 42688B7923553C6A00AE825A /* SceneDelegate.swift */; };
		42688B8223553C6A00AE825A /* QuickQuote.xcdatamodeld in Sources */ = {isa = PBXBuildFile; fileRef = 42688B8023553C6A00AE825A /* QuickQuote.xcdatamodeld */; };
		42688B8423553C6C00AE825A /* Assets.xcassets in Resources */ = {isa = PBXBuildFile; fileRef = 42688B8323553C6C00AE825A /* Assets.xcassets */; };
		42688B8723553C6C00AE825A /* LaunchScreen.storyboard in Resources */ = {isa = PBXBuildFile; fileRef = 42688B8523553C6C00AE825A /* LaunchScreen.storyboard */; };
		427B154923AAB0F500B95FE7 /* MakePhotoSheet.swift in Sources */ = {isa = PBXBuildFile; fileRef = 427B154823AAB0F500B95FE7 /* MakePhotoSheet.swift */; };
		427B154B23AABA4700B95FE7 /* MakeQuoteSheet.swift in Sources */ = {isa = PBXBuildFile; fileRef = 427B154A23AABA4700B95FE7 /* MakeQuoteSheet.swift */; };
		427B154D23AB03A400B95FE7 /* enum+QuoteStatus.swift in Sources */ = {isa = PBXBuildFile; fileRef = 427B154C23AB03A400B95FE7 /* enum+QuoteStatus.swift */; };
		427B154F23AB17FB00B95FE7 /* UIColor+hex.swift in Sources */ = {isa = PBXBuildFile; fileRef = 427B154E23AB17FB00B95FE7 /* UIColor+hex.swift */; };
		427B155123AD3D5E00B95FE7 /* MessageWithSubject.swift in Sources */ = {isa = PBXBuildFile; fileRef = 427B155023AD3D5E00B95FE7 /* MessageWithSubject.swift */; };
		427B4F06235F7197009816A5 /* SignatureManagedObject.swift in Sources */ = {isa = PBXBuildFile; fileRef = 427B4F05235F7197009816A5 /* SignatureManagedObject.swift */; };
		427B4F08235FD7D7009816A5 /* NewCustomerViewController.swift in Sources */ = {isa = PBXBuildFile; fileRef = 427B4F07235FD7D7009816A5 /* NewCustomerViewController.swift */; };
		42826BE823D382E900AE16CB /* CityStateZipToString.swift in Sources */ = {isa = PBXBuildFile; fileRef = 42826BE723D382E900AE16CB /* CityStateZipToString.swift */; };
		4292E4FA2355407D009657EB /* Main.storyboard in Resources */ = {isa = PBXBuildFile; fileRef = 4292E4F92355407D009657EB /* Main.storyboard */; };
		4292E4FC235546DB009657EB /* CustomerViewController.swift in Sources */ = {isa = PBXBuildFile; fileRef = 4292E4FB235546DB009657EB /* CustomerViewController.swift */; };
		4292E4FE23554A41009657EB /* CustomerDetailViewController.swift in Sources */ = {isa = PBXBuildFile; fileRef = 4292E4FD23554A41009657EB /* CustomerDetailViewController.swift */; };
		429EBCCE237F0FD10007DC55 /* CoverSheet.xib in Resources */ = {isa = PBXBuildFile; fileRef = 429EBCCD237F0FD10007DC55 /* CoverSheet.xib */; };
		429EBCD0237F0FE90007DC55 /* CoverSheet.swift in Sources */ = {isa = PBXBuildFile; fileRef = 429EBCCF237F0FE90007DC55 /* CoverSheet.swift */; };
		429EBCD2237F258E0007DC55 /* QuoteSheet.xib in Resources */ = {isa = PBXBuildFile; fileRef = 429EBCD1237F258E0007DC55 /* QuoteSheet.xib */; };
		429EBCD4237F25A20007DC55 /* SignSheet.xib in Resources */ = {isa = PBXBuildFile; fileRef = 429EBCD3237F25A20007DC55 /* SignSheet.xib */; };
		429EBCD6237F25BB0007DC55 /* QuoteSheet.swift in Sources */ = {isa = PBXBuildFile; fileRef = 429EBCD5237F25BB0007DC55 /* QuoteSheet.swift */; };
		429EBCD8237F25D00007DC55 /* SignSheet.swift in Sources */ = {isa = PBXBuildFile; fileRef = 429EBCD7237F25D00007DC55 /* SignSheet.swift */; };
		429EBCDA23804CA20007DC55 /* PhotoSheet.xib in Resources */ = {isa = PBXBuildFile; fileRef = 429EBCD923804CA20007DC55 /* PhotoSheet.xib */; };
		429EBCDC23804CC50007DC55 /* PhotoSheet.swift in Sources */ = {isa = PBXBuildFile; fileRef = 429EBCDB23804CC50007DC55 /* PhotoSheet.swift */; };
		429EBCDE2380BC690007DC55 /* UIView+WigglyShake.swift in Sources */ = {isa = PBXBuildFile; fileRef = 429EBCDD2380BC690007DC55 /* UIView+WigglyShake.swift */; };
		429EBCE02380BECE0007DC55 /* DeleteButton.swift in Sources */ = {isa = PBXBuildFile; fileRef = 429EBCDF2380BECE0007DC55 /* DeleteButton.swift */; };
		429EBCE2238338BD0007DC55 /* String+CurrencyFormat.swift in Sources */ = {isa = PBXBuildFile; fileRef = 429EBCE1238338BD0007DC55 /* String+CurrencyFormat.swift */; };
		429EBCE423845BBB0007DC55 /* PreparePDFSheets.swift in Sources */ = {isa = PBXBuildFile; fileRef = 429EBCE323845BBA0007DC55 /* PreparePDFSheets.swift */; };
		42AD0B4F238D85F20057CFCC /* PhotoView.xib in Resources */ = {isa = PBXBuildFile; fileRef = 42AD0B4E238D85F20057CFCC /* PhotoView.xib */; };
		42AD0B51238D88630057CFCC /* PhotoView.swift in Sources */ = {isa = PBXBuildFile; fileRef = 42AD0B50238D88630057CFCC /* PhotoView.swift */; };
		42BAEDE5237853A10054A31C /* NotesViewController.swift in Sources */ = {isa = PBXBuildFile; fileRef = 42BAEDE4237853A10054A31C /* NotesViewController.swift */; };
		42BF7FE7236C8EA800605C68 /* DateToSeconds.swift in Sources */ = {isa = PBXBuildFile; fileRef = 42BF7FE6236C8EA800605C68 /* DateToSeconds.swift */; };
		42C5C48423DDFB9C002FE074 /* UIView+Enums.swift in Sources */ = {isa = PBXBuildFile; fileRef = 42C5C48323DDFB9C002FE074 /* UIView+Enums.swift */; };
		42D03AC023C900060016E31C /* CloudKit.framework in Frameworks */ = {isa = PBXBuildFile; fileRef = 42D03ABF23C900060016E31C /* CloudKit.framework */; };
		42E1E5192360BC07008B1912 /* String+Trim.swift in Sources */ = {isa = PBXBuildFile; fileRef = 42E1E5182360BC07008B1912 /* String+Trim.swift */; };
		42F255C5236230F4002883C1 /* QuoteViewController.swift in Sources */ = {isa = PBXBuildFile; fileRef = 42F255C4236230F4002883C1 /* QuoteViewController.swift */; };
/* End PBXBuildFile section */

/* Begin PBXFileReference section */
		420C645623775A39001997D8 /* MaterialsListViewController.swift */ = {isa = PBXFileReference; lastKnownFileType = sourcecode.swift; path = MaterialsListViewController.swift; sourceTree = "<group>"; };
		420D918523A5699000D7FA17 /* WorksheetPage.xib */ = {isa = PBXFileReference; fileEncoding = 4; lastKnownFileType = file.xib; path = WorksheetPage.xib; sourceTree = "<group>"; };
		4211CA4C23676E73008D57C3 /* QuoteCell.swift */ = {isa = PBXFileReference; lastKnownFileType = sourcecode.swift; path = QuoteCell.swift; sourceTree = "<group>"; };
		4211CA4E2367B5AC008D57C3 /* DateToString.swift */ = {isa = PBXFileReference; lastKnownFileType = sourcecode.swift; path = DateToString.swift; sourceTree = "<group>"; };
		4211CA512368E3EA008D57C3 /* TaskCell.swift */ = {isa = PBXFileReference; lastKnownFileType = sourcecode.swift; path = TaskCell.swift; sourceTree = "<group>"; };
		4211CA53236A0C78008D57C3 /* Notification+Names.swift */ = {isa = PBXFileReference; lastKnownFileType = sourcecode.swift; path = "Notification+Names.swift"; sourceTree = "<group>"; };
		4211CA55236A2278008D57C3 /* EditTaskViewController.swift */ = {isa = PBXFileReference; lastKnownFileType = sourcecode.swift; path = EditTaskViewController.swift; sourceTree = "<group>"; };
		421E2A0125338BBC006B156A /* PDFPage1View.swift */ = {isa = PBXFileReference; lastKnownFileType = sourcecode.swift; path = PDFPage1View.swift; sourceTree = "<group>"; };
		422A698F236F546300CE1433 /* ResizeImage.swift */ = {isa = PBXFileReference; lastKnownFileType = sourcecode.swift; path = ResizeImage.swift; sourceTree = "<group>"; };
		422E39FE23785C21004F42E7 /* WorkSheetViewController.swift */ = {isa = PBXFileReference; lastKnownFileType = sourcecode.swift; path = WorkSheetViewController.swift; sourceTree = "<group>"; };
		422E3A0023785C32004F42E7 /* WorkOrderViewController.swift */ = {isa = PBXFileReference; lastKnownFileType = sourcecode.swift; path = WorkOrderViewController.swift; sourceTree = "<group>"; };
		4239714923A359C400E82BB6 /* PrepareWorkOrderPDF.swift */ = {isa = PBXFileReference; lastKnownFileType = sourcecode.swift; path = PrepareWorkOrderPDF.swift; sourceTree = "<group>"; };
		4239714B23A35AEF00E82BB6 /* WorkOrderPage1.xib */ = {isa = PBXFileReference; lastKnownFileType = file.xib; path = WorkOrderPage1.xib; sourceTree = "<group>"; };
		4239714D23A35B7700E82BB6 /* WorkOrderPage1.swift */ = {isa = PBXFileReference; lastKnownFileType = sourcecode.swift; path = WorkOrderPage1.swift; sourceTree = "<group>"; };
		423B0E1E2364A30E00CEB2F7 /* EditCustomerViewController.swift */ = {isa = PBXFileReference; fileEncoding = 4; lastKnownFileType = sourcecode.swift; path = EditCustomerViewController.swift; sourceTree = "<group>"; wrapsLines = 0; };
		423B0E2023660A0100CEB2F7 /* NewTaskViewController.swift */ = {isa = PBXFileReference; lastKnownFileType = sourcecode.swift; path = NewTaskViewController.swift; sourceTree = "<group>"; };
		424DD09C2370B96800EFE029 /* ImageButton.swift */ = {isa = PBXFileReference; lastKnownFileType = sourcecode.swift; path = ImageButton.swift; sourceTree = "<group>"; };
		426239B8239ECC9C004D58E0 /* LoginViewController.swift */ = {isa = PBXFileReference; lastKnownFileType = sourcecode.swift; path = LoginViewController.swift; sourceTree = "<group>"; };
		426239BA239F2895004D58E0 /* EmployeeViewController.swift */ = {isa = PBXFileReference; lastKnownFileType = sourcecode.swift; path = EmployeeViewController.swift; sourceTree = "<group>"; };
		426239BC239FAABA004D58E0 /* CancelButton.swift */ = {isa = PBXFileReference; lastKnownFileType = sourcecode.swift; path = CancelButton.swift; sourceTree = "<group>"; };
		426239BE23A0A131004D58E0 /* DesignView.swift */ = {isa = PBXFileReference; lastKnownFileType = sourcecode.swift; path = DesignView.swift; sourceTree = "<group>"; };
		4264094D23A403E100F26C88 /* UIView+PDF.swift */ = {isa = PBXFileReference; lastKnownFileType = sourcecode.swift; path = "UIView+PDF.swift"; sourceTree = "<group>"; };
		4264095123A5625300F26C88 /* WorksheetPage.swift */ = {isa = PBXFileReference; lastKnownFileType = sourcecode.swift; path = WorksheetPage.swift; sourceTree = "<group>"; };
		426512C123DFCB4C000C498E /* TaskView.swift */ = {isa = PBXFileReference; lastKnownFileType = sourcecode.swift; path = TaskView.swift; sourceTree = "<group>"; };
		426512C323DFCB66000C498E /* TaskView.xib */ = {isa = PBXFileReference; lastKnownFileType = file.xib; path = TaskView.xib; sourceTree = "<group>"; };
		4266356223888E730038EA4B /* ImageViewController.swift */ = {isa = PBXFileReference; lastKnownFileType = sourcecode.swift; path = ImageViewController.swift; sourceTree = "<group>"; };
		42663566238A04CC0038EA4B /* ImageCollectionViewCell.swift */ = {isa = PBXFileReference; lastKnownFileType = sourcecode.swift; path = ImageCollectionViewCell.swift; sourceTree = "<group>"; };
		42680CA123A6A103009FDDA2 /* TaskSheet.swift */ = {isa = PBXFileReference; fileEncoding = 4; lastKnownFileType = sourcecode.swift; path = TaskSheet.swift; sourceTree = "<group>"; };
		42680CA223A6A103009FDDA2 /* TaskSheet.xib */ = {isa = PBXFileReference; fileEncoding = 4; lastKnownFileType = file.xib; path = TaskSheet.xib; sourceTree = "<group>"; };
		42688B7423553C6A00AE825A /* QuickQuote.app */ = {isa = PBXFileReference; explicitFileType = wrapper.application; includeInIndex = 0; path = QuickQuote.app; sourceTree = BUILT_PRODUCTS_DIR; };
		42688B7723553C6A00AE825A /* AppDelegate.swift */ = {isa = PBXFileReference; lastKnownFileType = sourcecode.swift; path = AppDelegate.swift; sourceTree = "<group>"; };
		42688B7923553C6A00AE825A /* SceneDelegate.swift */ = {isa = PBXFileReference; lastKnownFileType = sourcecode.swift; path = SceneDelegate.swift; sourceTree = "<group>"; };
		42688B8123553C6A00AE825A /* QuickQuote.xcdatamodel */ = {isa = PBXFileReference; lastKnownFileType = wrapper.xcdatamodel; path = QuickQuote.xcdatamodel; sourceTree = "<group>"; };
		42688B8323553C6C00AE825A /* Assets.xcassets */ = {isa = PBXFileReference; lastKnownFileType = folder.assetcatalog; path = Assets.xcassets; sourceTree = "<group>"; };
		42688B8623553C6C00AE825A /* Base */ = {isa = PBXFileReference; lastKnownFileType = file.storyboard; name = Base; path = Base.lproj/LaunchScreen.storyboard; sourceTree = "<group>"; };
		42688B8823553C6C00AE825A /* Info.plist */ = {isa = PBXFileReference; lastKnownFileType = text.plist.xml; path = Info.plist; sourceTree = "<group>"; };
		427B154823AAB0F500B95FE7 /* MakePhotoSheet.swift */ = {isa = PBXFileReference; lastKnownFileType = sourcecode.swift; path = MakePhotoSheet.swift; sourceTree = "<group>"; };
		427B154A23AABA4700B95FE7 /* MakeQuoteSheet.swift */ = {isa = PBXFileReference; lastKnownFileType = sourcecode.swift; path = MakeQuoteSheet.swift; sourceTree = "<group>"; };
		427B154C23AB03A400B95FE7 /* enum+QuoteStatus.swift */ = {isa = PBXFileReference; lastKnownFileType = sourcecode.swift; path = "enum+QuoteStatus.swift"; sourceTree = "<group>"; };
		427B154E23AB17FB00B95FE7 /* UIColor+hex.swift */ = {isa = PBXFileReference; lastKnownFileType = sourcecode.swift; path = "UIColor+hex.swift"; sourceTree = "<group>"; };
		427B155023AD3D5E00B95FE7 /* MessageWithSubject.swift */ = {isa = PBXFileReference; lastKnownFileType = sourcecode.swift; path = MessageWithSubject.swift; sourceTree = "<group>"; };
		427B4F05235F7197009816A5 /* SignatureManagedObject.swift */ = {isa = PBXFileReference; lastKnownFileType = sourcecode.swift; path = SignatureManagedObject.swift; sourceTree = "<group>"; };
		427B4F07235FD7D7009816A5 /* NewCustomerViewController.swift */ = {isa = PBXFileReference; lastKnownFileType = sourcecode.swift; path = NewCustomerViewController.swift; sourceTree = "<group>"; };
		42826BE723D382E900AE16CB /* CityStateZipToString.swift */ = {isa = PBXFileReference; lastKnownFileType = sourcecode.swift; path = CityStateZipToString.swift; sourceTree = "<group>"; };
		4290E43623F0B9660065D03A /* QuickQuoteRelease.entitlements */ = {isa = PBXFileReference; lastKnownFileType = text.plist.entitlements; path = QuickQuoteRelease.entitlements; sourceTree = "<group>"; };
		4292E4F92355407D009657EB /* Main.storyboard */ = {isa = PBXFileReference; lastKnownFileType = file.storyboard; path = Main.storyboard; sourceTree = "<group>"; };
		4292E4FB235546DB009657EB /* CustomerViewController.swift */ = {isa = PBXFileReference; lastKnownFileType = sourcecode.swift; path = CustomerViewController.swift; sourceTree = "<group>"; wrapsLines = 1; };
		4292E4FD23554A41009657EB /* CustomerDetailViewController.swift */ = {isa = PBXFileReference; lastKnownFileType = sourcecode.swift; path = CustomerDetailViewController.swift; sourceTree = "<group>"; };
		429EBCCD237F0FD10007DC55 /* CoverSheet.xib */ = {isa = PBXFileReference; lastKnownFileType = file.xib; path = CoverSheet.xib; sourceTree = "<group>"; };
		429EBCCF237F0FE90007DC55 /* CoverSheet.swift */ = {isa = PBXFileReference; lastKnownFileType = sourcecode.swift; path = CoverSheet.swift; sourceTree = "<group>"; };
		429EBCD1237F258E0007DC55 /* QuoteSheet.xib */ = {isa = PBXFileReference; lastKnownFileType = file.xib; path = QuoteSheet.xib; sourceTree = "<group>"; };
		429EBCD3237F25A20007DC55 /* SignSheet.xib */ = {isa = PBXFileReference; lastKnownFileType = file.xib; path = SignSheet.xib; sourceTree = "<group>"; };
		429EBCD5237F25BB0007DC55 /* QuoteSheet.swift */ = {isa = PBXFileReference; lastKnownFileType = sourcecode.swift; path = QuoteSheet.swift; sourceTree = "<group>"; };
		429EBCD7237F25D00007DC55 /* SignSheet.swift */ = {isa = PBXFileReference; lastKnownFileType = sourcecode.swift; path = SignSheet.swift; sourceTree = "<group>"; };
		429EBCD923804CA20007DC55 /* PhotoSheet.xib */ = {isa = PBXFileReference; lastKnownFileType = file.xib; path = PhotoSheet.xib; sourceTree = "<group>"; };
		429EBCDB23804CC50007DC55 /* PhotoSheet.swift */ = {isa = PBXFileReference; lastKnownFileType = sourcecode.swift; path = PhotoSheet.swift; sourceTree = "<group>"; };
		429EBCDD2380BC690007DC55 /* UIView+WigglyShake.swift */ = {isa = PBXFileReference; lastKnownFileType = sourcecode.swift; path = "UIView+WigglyShake.swift"; sourceTree = "<group>"; };
		429EBCDF2380BECE0007DC55 /* DeleteButton.swift */ = {isa = PBXFileReference; lastKnownFileType = sourcecode.swift; path = DeleteButton.swift; sourceTree = "<group>"; };
		429EBCE1238338BD0007DC55 /* String+CurrencyFormat.swift */ = {isa = PBXFileReference; lastKnownFileType = sourcecode.swift; path = "String+CurrencyFormat.swift"; sourceTree = "<group>"; };
		429EBCE323845BBA0007DC55 /* PreparePDFSheets.swift */ = {isa = PBXFileReference; lastKnownFileType = sourcecode.swift; path = PreparePDFSheets.swift; sourceTree = "<group>"; };
		42AD0B4E238D85F20057CFCC /* PhotoView.xib */ = {isa = PBXFileReference; lastKnownFileType = file.xib; path = PhotoView.xib; sourceTree = "<group>"; };
		42AD0B50238D88630057CFCC /* PhotoView.swift */ = {isa = PBXFileReference; lastKnownFileType = sourcecode.swift; path = PhotoView.swift; sourceTree = "<group>"; };
		42BAEDE4237853A10054A31C /* NotesViewController.swift */ = {isa = PBXFileReference; lastKnownFileType = sourcecode.swift; path = NotesViewController.swift; sourceTree = "<group>"; };
		42BF7FE6236C8EA800605C68 /* DateToSeconds.swift */ = {isa = PBXFileReference; lastKnownFileType = sourcecode.swift; path = DateToSeconds.swift; sourceTree = "<group>"; };
		42C5C48323DDFB9C002FE074 /* UIView+Enums.swift */ = {isa = PBXFileReference; lastKnownFileType = sourcecode.swift; path = "UIView+Enums.swift"; sourceTree = "<group>"; };
		42D03ABD23C900030016E31C /* QuickQuoteDebug.entitlements */ = {isa = PBXFileReference; lastKnownFileType = text.plist.entitlements; path = QuickQuoteDebug.entitlements; sourceTree = "<group>"; };
		42D03ABF23C900060016E31C /* CloudKit.framework */ = {isa = PBXFileReference; lastKnownFileType = wrapper.framework; name = CloudKit.framework; path = System/Library/Frameworks/CloudKit.framework; sourceTree = SDKROOT; };
		42D03AC123C900980016E31C /* QuickQuote.entitlements */ = {isa = PBXFileReference; lastKnownFileType = text.plist.entitlements; path = QuickQuote.entitlements; sourceTree = "<group>"; };
		42E1E5182360BC07008B1912 /* String+Trim.swift */ = {isa = PBXFileReference; lastKnownFileType = sourcecode.swift; path = "String+Trim.swift"; sourceTree = "<group>"; };
		42F255C4236230F4002883C1 /* QuoteViewController.swift */ = {isa = PBXFileReference; lastKnownFileType = sourcecode.swift; path = QuoteViewController.swift; sourceTree = "<group>"; wrapsLines = 1; };
/* End PBXFileReference section */

/* Begin PBXFrameworksBuildPhase section */
		42688B7123553C6A00AE825A /* Frameworks */ = {
			isa = PBXFrameworksBuildPhase;
			buildActionMask = 2147483647;
			files = (
				42D03AC023C900060016E31C /* CloudKit.framework in Frameworks */,
			);
			runOnlyForDeploymentPostprocessing = 0;
		};
/* End PBXFrameworksBuildPhase section */

/* Begin PBXGroup section */
		4211CA50236894FC008D57C3 /* View */ = {
			isa = PBXGroup;
			children = (
				421E2A0125338BBC006B156A /* PDFPage1View.swift */,
				4211CA4C23676E73008D57C3 /* QuoteCell.swift */,
				4211CA512368E3EA008D57C3 /* TaskCell.swift */,
				424DD09C2370B96800EFE029 /* ImageButton.swift */,
				429EBCD3237F25A20007DC55 /* SignSheet.xib */,
				429EBCD7237F25D00007DC55 /* SignSheet.swift */,
				429EBCDF2380BECE0007DC55 /* DeleteButton.swift */,
				42663566238A04CC0038EA4B /* ImageCollectionViewCell.swift */,
				42AD0B4E238D85F20057CFCC /* PhotoView.xib */,
				42AD0B50238D88630057CFCC /* PhotoView.swift */,
				426239BC239FAABA004D58E0 /* CancelButton.swift */,
				426239BE23A0A131004D58E0 /* DesignView.swift */,
				429EBCCD237F0FD10007DC55 /* CoverSheet.xib */,
				429EBCCF237F0FE90007DC55 /* CoverSheet.swift */,
				429EBCD923804CA20007DC55 /* PhotoSheet.xib */,
				429EBCDB23804CC50007DC55 /* PhotoSheet.swift */,
				429EBCD1237F258E0007DC55 /* QuoteSheet.xib */,
				429EBCD5237F25BB0007DC55 /* QuoteSheet.swift */,
				42680CA223A6A103009FDDA2 /* TaskSheet.xib */,
				42680CA123A6A103009FDDA2 /* TaskSheet.swift */,
				4239714B23A35AEF00E82BB6 /* WorkOrderPage1.xib */,
				4239714D23A35B7700E82BB6 /* WorkOrderPage1.swift */,
				420D918523A5699000D7FA17 /* WorksheetPage.xib */,
				4264095123A5625300F26C88 /* WorksheetPage.swift */,
				426512C323DFCB66000C498E /* TaskView.xib */,
				426512C123DFCB4C000C498E /* TaskView.swift */,
			);
			path = View;
			sourceTree = "<group>";
		};
		42688B6B23553C6A00AE825A = {
			isa = PBXGroup;
			children = (
				4292E4F92355407D009657EB /* Main.storyboard */,
				42688B7723553C6A00AE825A /* AppDelegate.swift */,
				42688B7923553C6A00AE825A /* SceneDelegate.swift */,
				42688B7623553C6A00AE825A /* QuickQuote */,
				42688B7523553C6A00AE825A /* Products */,
				42D03ABE23C900060016E31C /* Frameworks */,
			);
			sourceTree = "<group>";
		};
		42688B7523553C6A00AE825A /* Products */ = {
			isa = PBXGroup;
			children = (
				42688B7423553C6A00AE825A /* QuickQuote.app */,
			);
			name = Products;
			sourceTree = "<group>";
		};
		42688B7623553C6A00AE825A /* QuickQuote */ = {
			isa = PBXGroup;
			children = (
				4290E43623F0B9660065D03A /* QuickQuoteRelease.entitlements */,
				42D03AC123C900980016E31C /* QuickQuote.entitlements */,
				42D03ABD23C900030016E31C /* QuickQuoteDebug.entitlements */,
				42C454DF2363D1700024DD99 /* Model */,
				4211CA50236894FC008D57C3 /* View */,
				42C454E02363D18C0024DD99 /* Controllers */,
				42E1E51A2360BC22008B1912 /* Extensions */,
				42688B8323553C6C00AE825A /* Assets.xcassets */,
				42688B8523553C6C00AE825A /* LaunchScreen.storyboard */,
				42688B8823553C6C00AE825A /* Info.plist */,
			);
			path = QuickQuote;
			sourceTree = "<group>";
		};
		42C454DF2363D1700024DD99 /* Model */ = {
			isa = PBXGroup;
			children = (
				42688B8023553C6A00AE825A /* QuickQuote.xcdatamodeld */,
			);
			path = Model;
			sourceTree = "<group>";
		};
		42C454E02363D18C0024DD99 /* Controllers */ = {
			isa = PBXGroup;
			children = (
				427B155023AD3D5E00B95FE7 /* MessageWithSubject.swift */,
				426239B8239ECC9C004D58E0 /* LoginViewController.swift */,
				4292E4FB235546DB009657EB /* CustomerViewController.swift */,
				4292E4FD23554A41009657EB /* CustomerDetailViewController.swift */,
				427B4F07235FD7D7009816A5 /* NewCustomerViewController.swift */,
				423B0E1E2364A30E00CEB2F7 /* EditCustomerViewController.swift */,
				423B0E2023660A0100CEB2F7 /* NewTaskViewController.swift */,
				4211CA55236A2278008D57C3 /* EditTaskViewController.swift */,
				42F255C4236230F4002883C1 /* QuoteViewController.swift */,
				4266356223888E730038EA4B /* ImageViewController.swift */,
				422E3A0023785C32004F42E7 /* WorkOrderViewController.swift */,
				422E39FE23785C21004F42E7 /* WorkSheetViewController.swift */,
				420C645623775A39001997D8 /* MaterialsListViewController.swift */,
				42BAEDE4237853A10054A31C /* NotesViewController.swift */,
				426239BA239F2895004D58E0 /* EmployeeViewController.swift */,
				429EBCE323845BBA0007DC55 /* PreparePDFSheets.swift */,
				4239714923A359C400E82BB6 /* PrepareWorkOrderPDF.swift */,
				427B154823AAB0F500B95FE7 /* MakePhotoSheet.swift */,
				427B154A23AABA4700B95FE7 /* MakeQuoteSheet.swift */,
			);
			path = Controllers;
			sourceTree = "<group>";
		};
		42D03ABE23C900060016E31C /* Frameworks */ = {
			isa = PBXGroup;
			children = (
				42D03ABF23C900060016E31C /* CloudKit.framework */,
			);
			name = Frameworks;
			sourceTree = "<group>";
		};
		42E1E51A2360BC22008B1912 /* Extensions */ = {
			isa = PBXGroup;
			children = (
				427B4F05235F7197009816A5 /* SignatureManagedObject.swift */,
				42E1E5182360BC07008B1912 /* String+Trim.swift */,
				4211CA53236A0C78008D57C3 /* Notification+Names.swift */,
				4211CA4E2367B5AC008D57C3 /* DateToString.swift */,
				42BF7FE6236C8EA800605C68 /* DateToSeconds.swift */,
				422A698F236F546300CE1433 /* ResizeImage.swift */,
				429EBCDD2380BC690007DC55 /* UIView+WigglyShake.swift */,
				429EBCE1238338BD0007DC55 /* String+CurrencyFormat.swift */,
				4264094D23A403E100F26C88 /* UIView+PDF.swift */,
				427B154C23AB03A400B95FE7 /* enum+QuoteStatus.swift */,
				427B154E23AB17FB00B95FE7 /* UIColor+hex.swift */,
				42826BE723D382E900AE16CB /* CityStateZipToString.swift */,
				42C5C48323DDFB9C002FE074 /* UIView+Enums.swift */,
			);
			path = Extensions;
			sourceTree = "<group>";
		};
/* End PBXGroup section */

/* Begin PBXNativeTarget section */
		42688B7323553C6A00AE825A /* QuickQuote */ = {
			isa = PBXNativeTarget;
			buildConfigurationList = 42688B8B23553C6C00AE825A /* Build configuration list for PBXNativeTarget "QuickQuote" */;
			buildPhases = (
				42688B7023553C6A00AE825A /* Sources */,
				42688B7123553C6A00AE825A /* Frameworks */,
				42688B7223553C6A00AE825A /* Resources */,
			);
			buildRules = (
			);
			dependencies = (
			);
			name = QuickQuote;
			productName = QuickQuote;
			productReference = 42688B7423553C6A00AE825A /* QuickQuote.app */;
			productType = "com.apple.product-type.application";
		};
/* End PBXNativeTarget section */

/* Begin PBXProject section */
		42688B6C23553C6A00AE825A /* Project object */ = {
			isa = PBXProject;
			attributes = {
				LastSwiftUpdateCheck = 1100;
				LastUpgradeCheck = 1210;
				ORGANIZATIONNAME = "Brian Wilson";
				TargetAttributes = {
					42688B7323553C6A00AE825A = {
						CreatedOnToolsVersion = 11.0;
					};
				};
			};
			buildConfigurationList = 42688B6F23553C6A00AE825A /* Build configuration list for PBXProject "QuickQuote" */;
			compatibilityVersion = "Xcode 9.3";
			developmentRegion = en;
			hasScannedForEncodings = 0;
			knownRegions = (
				en,
				Base,
			);
			mainGroup = 42688B6B23553C6A00AE825A;
			productRefGroup = 42688B7523553C6A00AE825A /* Products */;
			projectDirPath = "";
			projectRoot = "";
			targets = (
				42688B7323553C6A00AE825A /* QuickQuote */,
			);
		};
/* End PBXProject section */

/* Begin PBXResourcesBuildPhase section */
		42688B7223553C6A00AE825A /* Resources */ = {
			isa = PBXResourcesBuildPhase;
			buildActionMask = 2147483647;
			files = (
				42688B8723553C6C00AE825A /* LaunchScreen.storyboard in Resources */,
				42680CA423A6A103009FDDA2 /* TaskSheet.xib in Resources */,
				4239714C23A35AEF00E82BB6 /* WorkOrderPage1.xib in Resources */,
				429EBCCE237F0FD10007DC55 /* CoverSheet.xib in Resources */,
				429EBCD4237F25A20007DC55 /* SignSheet.xib in Resources */,
				42AD0B4F238D85F20057CFCC /* PhotoView.xib in Resources */,
				429EBCD2237F258E0007DC55 /* QuoteSheet.xib in Resources */,
				429EBCDA23804CA20007DC55 /* PhotoSheet.xib in Resources */,
				42688B8423553C6C00AE825A /* Assets.xcassets in Resources */,
				4292E4FA2355407D009657EB /* Main.storyboard in Resources */,
				420D918623A5699000D7FA17 /* WorksheetPage.xib in Resources */,
				426512C423DFCB66000C498E /* TaskView.xib in Resources */,
			);
			runOnlyForDeploymentPostprocessing = 0;
		};
/* End PBXResourcesBuildPhase section */

/* Begin PBXSourcesBuildPhase section */
		42688B7023553C6A00AE825A /* Sources */ = {
			isa = PBXSourcesBuildPhase;
			buildActionMask = 2147483647;
			files = (
				426239B9239ECC9C004D58E0 /* LoginViewController.swift in Sources */,
				42663567238A04CC0038EA4B /* ImageCollectionViewCell.swift in Sources */,
				4292E4FC235546DB009657EB /* CustomerViewController.swift in Sources */,
				4292E4FE23554A41009657EB /* CustomerDetailViewController.swift in Sources */,
				42E1E5192360BC07008B1912 /* String+Trim.swift in Sources */,
				420C645723775A39001997D8 /* MaterialsListViewController.swift in Sources */,
				427B155123AD3D5E00B95FE7 /* MessageWithSubject.swift in Sources */,
				4211CA4D23676E73008D57C3 /* QuoteCell.swift in Sources */,
				4211CA522368E3EA008D57C3 /* TaskCell.swift in Sources */,
				429EBCE423845BBB0007DC55 /* PreparePDFSheets.swift in Sources */,
				427B154F23AB17FB00B95FE7 /* UIColor+hex.swift in Sources */,
				429EBCDC23804CC50007DC55 /* PhotoSheet.swift in Sources */,
				429EBCD6237F25BB0007DC55 /* QuoteSheet.swift in Sources */,
				429EBCDE2380BC690007DC55 /* UIView+WigglyShake.swift in Sources */,
				42688B7823553C6A00AE825A /* AppDelegate.swift in Sources */,
				4211CA56236A2278008D57C3 /* EditTaskViewController.swift in Sources */,
				427B154B23AABA4700B95FE7 /* MakeQuoteSheet.swift in Sources */,
				42680CA323A6A103009FDDA2 /* TaskSheet.swift in Sources */,
				424DD09D2370B96800EFE029 /* ImageButton.swift in Sources */,
				426239BD239FAABA004D58E0 /* CancelButton.swift in Sources */,
				4211CA4F2367B5AC008D57C3 /* DateToString.swift in Sources */,
				426239BF23A0A131004D58E0 /* DesignView.swift in Sources */,
				4239714E23A35B7700E82BB6 /* WorkOrderPage1.swift in Sources */,
				429EBCE2238338BD0007DC55 /* String+CurrencyFormat.swift in Sources */,
				429EBCE02380BECE0007DC55 /* DeleteButton.swift in Sources */,
				42C5C48423DDFB9C002FE074 /* UIView+Enums.swift in Sources */,
				42688B8223553C6A00AE825A /* QuickQuote.xcdatamodeld in Sources */,
				426512C223DFCB4C000C498E /* TaskView.swift in Sources */,
				4211CA54236A0C78008D57C3 /* Notification+Names.swift in Sources */,
				423B0E1F2364A30E00CEB2F7 /* EditCustomerViewController.swift in Sources */,
				4264094E23A403E100F26C88 /* UIView+PDF.swift in Sources */,
				429EBCD8237F25D00007DC55 /* SignSheet.swift in Sources */,
				422E3A0123785C32004F42E7 /* WorkOrderViewController.swift in Sources */,
				42AD0B51238D88630057CFCC /* PhotoView.swift in Sources */,
				427B154923AAB0F500B95FE7 /* MakePhotoSheet.swift in Sources */,
				422E39FF23785C21004F42E7 /* WorkSheetViewController.swift in Sources */,
				421E2A0225338BBC006B156A /* PDFPage1View.swift in Sources */,
				429EBCD0237F0FE90007DC55 /* CoverSheet.swift in Sources */,
				427B154D23AB03A400B95FE7 /* enum+QuoteStatus.swift in Sources */,
				42BAEDE5237853A10054A31C /* NotesViewController.swift in Sources */,
				42F255C5236230F4002883C1 /* QuoteViewController.swift in Sources */,
				42BF7FE7236C8EA800605C68 /* DateToSeconds.swift in Sources */,
				4264095223A5625300F26C88 /* WorksheetPage.swift in Sources */,
				427B4F08235FD7D7009816A5 /* NewCustomerViewController.swift in Sources */,
				42688B7A23553C6A00AE825A /* SceneDelegate.swift in Sources */,
				426239BB239F2895004D58E0 /* EmployeeViewController.swift in Sources */,
				423B0E2123660A0100CEB2F7 /* NewTaskViewController.swift in Sources */,
				4239714A23A359C400E82BB6 /* PrepareWorkOrderPDF.swift in Sources */,
				422A6990236F546300CE1433 /* ResizeImage.swift in Sources */,
				4266356323888E730038EA4B /* ImageViewController.swift in Sources */,
				427B4F06235F7197009816A5 /* SignatureManagedObject.swift in Sources */,
				42826BE823D382E900AE16CB /* CityStateZipToString.swift in Sources */,
			);
			runOnlyForDeploymentPostprocessing = 0;
		};
/* End PBXSourcesBuildPhase section */

/* Begin PBXVariantGroup section */
		42688B8523553C6C00AE825A /* LaunchScreen.storyboard */ = {
			isa = PBXVariantGroup;
			children = (
				42688B8623553C6C00AE825A /* Base */,
			);
			name = LaunchScreen.storyboard;
			sourceTree = "<group>";
		};
/* End PBXVariantGroup section */

/* Begin XCBuildConfiguration section */
		42688B8923553C6C00AE825A /* Debug */ = {
			isa = XCBuildConfiguration;
			buildSettings = {
				ALWAYS_SEARCH_USER_PATHS = NO;
				CLANG_ANALYZER_NONNULL = YES;
				CLANG_ANALYZER_NUMBER_OBJECT_CONVERSION = YES_AGGRESSIVE;
				CLANG_CXX_LANGUAGE_STANDARD = "gnu++14";
				CLANG_CXX_LIBRARY = "libc++";
				CLANG_ENABLE_MODULES = YES;
				CLANG_ENABLE_OBJC_ARC = YES;
				CLANG_ENABLE_OBJC_WEAK = YES;
				CLANG_WARN_BLOCK_CAPTURE_AUTORELEASING = YES;
				CLANG_WARN_BOOL_CONVERSION = YES;
				CLANG_WARN_COMMA = YES;
				CLANG_WARN_CONSTANT_CONVERSION = YES;
				CLANG_WARN_DEPRECATED_OBJC_IMPLEMENTATIONS = YES;
				CLANG_WARN_DIRECT_OBJC_ISA_USAGE = YES_ERROR;
				CLANG_WARN_DOCUMENTATION_COMMENTS = YES;
				CLANG_WARN_EMPTY_BODY = YES;
				CLANG_WARN_ENUM_CONVERSION = YES;
				CLANG_WARN_INFINITE_RECURSION = YES;
				CLANG_WARN_INT_CONVERSION = YES;
				CLANG_WARN_NON_LITERAL_NULL_CONVERSION = YES;
				CLANG_WARN_OBJC_IMPLICIT_RETAIN_SELF = YES;
				CLANG_WARN_OBJC_LITERAL_CONVERSION = YES;
				CLANG_WARN_OBJC_ROOT_CLASS = YES_ERROR;
				CLANG_WARN_QUOTED_INCLUDE_IN_FRAMEWORK_HEADER = YES;
				CLANG_WARN_RANGE_LOOP_ANALYSIS = YES;
				CLANG_WARN_STRICT_PROTOTYPES = YES;
				CLANG_WARN_SUSPICIOUS_MOVE = YES;
				CLANG_WARN_UNGUARDED_AVAILABILITY = YES_AGGRESSIVE;
				CLANG_WARN_UNREACHABLE_CODE = YES;
				CLANG_WARN__DUPLICATE_METHOD_MATCH = YES;
				COPY_PHASE_STRIP = NO;
				DEBUG_INFORMATION_FORMAT = dwarf;
				ENABLE_STRICT_OBJC_MSGSEND = YES;
				ENABLE_TESTABILITY = YES;
				GCC_C_LANGUAGE_STANDARD = gnu11;
				GCC_DYNAMIC_NO_PIC = NO;
				GCC_NO_COMMON_BLOCKS = YES;
				GCC_OPTIMIZATION_LEVEL = 0;
				GCC_PREPROCESSOR_DEFINITIONS = (
					"DEBUG=1",
					"$(inherited)",
				);
				GCC_WARN_64_TO_32_BIT_CONVERSION = YES;
				GCC_WARN_ABOUT_RETURN_TYPE = YES_ERROR;
				GCC_WARN_UNDECLARED_SELECTOR = YES;
				GCC_WARN_UNINITIALIZED_AUTOS = YES_AGGRESSIVE;
				GCC_WARN_UNUSED_FUNCTION = YES;
				GCC_WARN_UNUSED_VARIABLE = YES;
				IPHONEOS_DEPLOYMENT_TARGET = 13.0;
				MTL_ENABLE_DEBUG_INFO = INCLUDE_SOURCE;
				MTL_FAST_MATH = YES;
				ONLY_ACTIVE_ARCH = YES;
				SDKROOT = iphoneos;
				SWIFT_ACTIVE_COMPILATION_CONDITIONS = DEBUG;
				SWIFT_OPTIMIZATION_LEVEL = "-Onone";
			};
			name = Debug;
		};
		42688B8A23553C6C00AE825A /* Release */ = {
			isa = XCBuildConfiguration;
			buildSettings = {
				ALWAYS_SEARCH_USER_PATHS = NO;
				CLANG_ANALYZER_NONNULL = YES;
				CLANG_ANALYZER_NUMBER_OBJECT_CONVERSION = YES_AGGRESSIVE;
				CLANG_CXX_LANGUAGE_STANDARD = "gnu++14";
				CLANG_CXX_LIBRARY = "libc++";
				CLANG_ENABLE_MODULES = YES;
				CLANG_ENABLE_OBJC_ARC = YES;
				CLANG_ENABLE_OBJC_WEAK = YES;
				CLANG_WARN_BLOCK_CAPTURE_AUTORELEASING = YES;
				CLANG_WARN_BOOL_CONVERSION = YES;
				CLANG_WARN_COMMA = YES;
				CLANG_WARN_CONSTANT_CONVERSION = YES;
				CLANG_WARN_DEPRECATED_OBJC_IMPLEMENTATIONS = YES;
				CLANG_WARN_DIRECT_OBJC_ISA_USAGE = YES_ERROR;
				CLANG_WARN_DOCUMENTATION_COMMENTS = YES;
				CLANG_WARN_EMPTY_BODY = YES;
				CLANG_WARN_ENUM_CONVERSION = YES;
				CLANG_WARN_INFINITE_RECURSION = YES;
				CLANG_WARN_INT_CONVERSION = YES;
				CLANG_WARN_NON_LITERAL_NULL_CONVERSION = YES;
				CLANG_WARN_OBJC_IMPLICIT_RETAIN_SELF = YES;
				CLANG_WARN_OBJC_LITERAL_CONVERSION = YES;
				CLANG_WARN_OBJC_ROOT_CLASS = YES_ERROR;
				CLANG_WARN_QUOTED_INCLUDE_IN_FRAMEWORK_HEADER = YES;
				CLANG_WARN_RANGE_LOOP_ANALYSIS = YES;
				CLANG_WARN_STRICT_PROTOTYPES = YES;
				CLANG_WARN_SUSPICIOUS_MOVE = YES;
				CLANG_WARN_UNGUARDED_AVAILABILITY = YES_AGGRESSIVE;
				CLANG_WARN_UNREACHABLE_CODE = YES;
				CLANG_WARN__DUPLICATE_METHOD_MATCH = YES;
				COPY_PHASE_STRIP = NO;
				DEBUG_INFORMATION_FORMAT = "dwarf-with-dsym";
				ENABLE_NS_ASSERTIONS = NO;
				ENABLE_STRICT_OBJC_MSGSEND = YES;
				GCC_C_LANGUAGE_STANDARD = gnu11;
				GCC_NO_COMMON_BLOCKS = YES;
				GCC_WARN_64_TO_32_BIT_CONVERSION = YES;
				GCC_WARN_ABOUT_RETURN_TYPE = YES_ERROR;
				GCC_WARN_UNDECLARED_SELECTOR = YES;
				GCC_WARN_UNINITIALIZED_AUTOS = YES_AGGRESSIVE;
				GCC_WARN_UNUSED_FUNCTION = YES;
				GCC_WARN_UNUSED_VARIABLE = YES;
				IPHONEOS_DEPLOYMENT_TARGET = 13.0;
				MTL_ENABLE_DEBUG_INFO = NO;
				MTL_FAST_MATH = YES;
				SDKROOT = iphoneos;
				SWIFT_COMPILATION_MODE = wholemodule;
				SWIFT_OPTIMIZATION_LEVEL = "-Onone";
				VALIDATE_PRODUCT = YES;
			};
			name = Release;
		};
		42688B8C23553C6C00AE825A /* Debug */ = {
			isa = XCBuildConfiguration;
			buildSettings = {
				ASSETCATALOG_COMPILER_APPICON_NAME = AppIcon;
				CODE_SIGN_ENTITLEMENTS = QuickQuote/QuickQuoteDebug.entitlements;
				CODE_SIGN_STYLE = Automatic;
				DEVELOPMENT_TEAM = 6BWKDGAU39;
				INFOPLIST_FILE = QuickQuote/Info.plist;
				LD_RUNPATH_SEARCH_PATHS = (
					"$(inherited)",
					"@executable_path/Frameworks",
				);
				MARKETING_VERSION = 2.55;
				PRODUCT_BUNDLE_IDENTIFIER = "com.squarehippobills-gmail.QuickQuote";
				PRODUCT_NAME = "$(TARGET_NAME)";
				SWIFT_VERSION = 5.0;
				TARGETED_DEVICE_FAMILY = 2;
			};
			name = Debug;
		};
		42688B8D23553C6C00AE825A /* Release */ = {
			isa = XCBuildConfiguration;
			buildSettings = {
				ASSETCATALOG_COMPILER_APPICON_NAME = AppIcon;
				CODE_SIGN_ENTITLEMENTS = QuickQuote/QuickQuoteRelease.entitlements;
				CODE_SIGN_STYLE = Automatic;
				DEVELOPMENT_TEAM = 6BWKDGAU39;
				INFOPLIST_FILE = QuickQuote/Info.plist;
				LD_RUNPATH_SEARCH_PATHS = (
					"$(inherited)",
					"@executable_path/Frameworks",
				);
				MARKETING_VERSION = 2.55;
				PRODUCT_BUNDLE_IDENTIFIER = "com.squarehippobills-gmail.QuickQuote";
				PRODUCT_NAME = "$(TARGET_NAME)";
				PROVISIONING_PROFILE_SPECIFIER = "";
				SWIFT_VERSION = 5.0;
				TARGETED_DEVICE_FAMILY = 2;
			};
			name = Release;
		};
/* End XCBuildConfiguration section */

/* Begin XCConfigurationList section */
		42688B6F23553C6A00AE825A /* Build configuration list for PBXProject "QuickQuote" */ = {
			isa = XCConfigurationList;
			buildConfigurations = (
				42688B8923553C6C00AE825A /* Debug */,
				42688B8A23553C6C00AE825A /* Release */,
			);
			defaultConfigurationIsVisible = 0;
			defaultConfigurationName = Release;
		};
		42688B8B23553C6C00AE825A /* Build configuration list for PBXNativeTarget "QuickQuote" */ = {
			isa = XCConfigurationList;
			buildConfigurations = (
				42688B8C23553C6C00AE825A /* Debug */,
				42688B8D23553C6C00AE825A /* Release */,
			);
			defaultConfigurationIsVisible = 0;
			defaultConfigurationName = Release;
		};
/* End XCConfigurationList section */

/* Begin XCVersionGroup section */
		42688B8023553C6A00AE825A /* QuickQuote.xcdatamodeld */ = {
			isa = XCVersionGroup;
			children = (
				42688B8123553C6A00AE825A /* QuickQuote.xcdatamodel */,
			);
			currentVersion = 42688B8123553C6A00AE825A /* QuickQuote.xcdatamodel */;
			path = QuickQuote.xcdatamodeld;
			sourceTree = "<group>";
			versionGroupType = wrapper.xcdatamodel;
		};
/* End XCVersionGroup section */
	};
	rootObject = 42688B6C23553C6A00AE825A /* Project object */;
}
